// !$*UTF8*$!
{
	archiveVersion = 1;
	classes = {
	};
	objectVersion = 50;
	objects = {

/* Begin PBXBuildFile section */
		181BC4232647A9DA002ED23C /* main.c in Sources */ = {isa = PBXBuildFile; fileRef = 181BC4222647A9DA002ED23C /* main.c */; };
		181BC42E2647AC23002ED23C /* main.c in Sources */ = {isa = PBXBuildFile; fileRef = 181BC42D2647AC23002ED23C /* main.c */; };
		181BC4392647B0AB002ED23C /* main.c in Sources */ = {isa = PBXBuildFile; fileRef = 181BC4382647B0AB002ED23C /* main.c */; };
		18FB7FD72646C535003BAD0B /* main.c in Sources */ = {isa = PBXBuildFile; fileRef = 18FB7FD62646C535003BAD0B /* main.c */; };
		18FB7FF92646D750003BAD0B /* main.c in Sources */ = {isa = PBXBuildFile; fileRef = 18FB7FF82646D750003BAD0B /* main.c */; };
		18FB80042646D920003BAD0B /* main.c in Sources */ = {isa = PBXBuildFile; fileRef = 18FB80032646D920003BAD0B /* main.c */; };
/* End PBXBuildFile section */

/* Begin PBXCopyFilesBuildPhase section */
		181BC41E2647A9DA002ED23C /* CopyFiles */ = {
			isa = PBXCopyFilesBuildPhase;
			buildActionMask = 2147483647;
			dstPath = /usr/share/man/man1/;
			dstSubfolderSpec = 0;
			files = (
			);
			runOnlyForDeploymentPostprocessing = 1;
		};
		181BC4292647AC23002ED23C /* CopyFiles */ = {
			isa = PBXCopyFilesBuildPhase;
			buildActionMask = 2147483647;
			dstPath = /usr/share/man/man1/;
			dstSubfolderSpec = 0;
			files = (
			);
			runOnlyForDeploymentPostprocessing = 1;
		};
		181BC4342647B0AB002ED23C /* CopyFiles */ = {
			isa = PBXCopyFilesBuildPhase;
			buildActionMask = 2147483647;
			dstPath = /usr/share/man/man1/;
			dstSubfolderSpec = 0;
			files = (
			);
			runOnlyForDeploymentPostprocessing = 1;
		};
		18FB7FD12646C535003BAD0B /* CopyFiles */ = {
			isa = PBXCopyFilesBuildPhase;
			buildActionMask = 2147483647;
			dstPath = /usr/share/man/man1/;
			dstSubfolderSpec = 0;
			files = (
			);
			runOnlyForDeploymentPostprocessing = 1;
		};
		18FB7FF42646D750003BAD0B /* CopyFiles */ = {
			isa = PBXCopyFilesBuildPhase;
			buildActionMask = 2147483647;
			dstPath = /usr/share/man/man1/;
			dstSubfolderSpec = 0;
			files = (
			);
			runOnlyForDeploymentPostprocessing = 1;
		};
		18FB7FFF2646D920003BAD0B /* CopyFiles */ = {
			isa = PBXCopyFilesBuildPhase;
			buildActionMask = 2147483647;
			dstPath = /usr/share/man/man1/;
			dstSubfolderSpec = 0;
			files = (
			);
			runOnlyForDeploymentPostprocessing = 1;
		};
/* End PBXCopyFilesBuildPhase section */

/* Begin PBXFileReference section */
		181BC4202647A9DA002ED23C /* question3 recursion prblm1 */ = {isa = PBXFileReference; explicitFileType = "compiled.mach-o.executable"; includeInIndex = 0; path = "question3 recursion prblm1"; sourceTree = BUILT_PRODUCTS_DIR; };
		181BC4222647A9DA002ED23C /* main.c */ = {isa = PBXFileReference; lastKnownFileType = sourcecode.c.c; path = main.c; sourceTree = "<group>"; };
		181BC42B2647AC23002ED23C /* question4 recursion prolem 2 */ = {isa = PBXFileReference; explicitFileType = "compiled.mach-o.executable"; includeInIndex = 0; path = "question4 recursion prolem 2"; sourceTree = BUILT_PRODUCTS_DIR; };
		181BC42D2647AC23002ED23C /* main.c */ = {isa = PBXFileReference; lastKnownFileType = sourcecode.c.c; path = main.c; sourceTree = "<group>"; };
		181BC4362647B0AB002ED23C /* q5 recur prblm 3 */ = {isa = PBXFileReference; explicitFileType = "compiled.mach-o.executable"; includeInIndex = 0; path = "q5 recur prblm 3"; sourceTree = BUILT_PRODUCTS_DIR; };
		181BC4382647B0AB002ED23C /* main.c */ = {isa = PBXFileReference; lastKnownFileType = sourcecode.c.c; path = main.c; sourceTree = "<group>"; };
		18FB7FD32646C535003BAD0B /* practice c */ = {isa = PBXFileReference; explicitFileType = "compiled.mach-o.executable"; includeInIndex = 0; path = "practice c"; sourceTree = BUILT_PRODUCTS_DIR; };
		18FB7FD62646C535003BAD0B /* main.c */ = {isa = PBXFileReference; lastKnownFileType = sourcecode.c.c; path = main.c; sourceTree = "<group>"; };
		18FB7FF62646D750003BAD0B /* question1 */ = {isa = PBXFileReference; explicitFileType = "compiled.mach-o.executable"; includeInIndex = 0; path = question1; sourceTree = BUILT_PRODUCTS_DIR; };
		18FB7FF82646D750003BAD0B /* main.c */ = {isa = PBXFileReference; lastKnownFileType = sourcecode.c.c; path = main.c; sourceTree = "<group>"; };
		18FB80012646D920003BAD0B /* question2 */ = {isa = PBXFileReference; explicitFileType = "compiled.mach-o.executable"; includeInIndex = 0; path = question2; sourceTree = BUILT_PRODUCTS_DIR; };
		18FB80032646D920003BAD0B /* main.c */ = {isa = PBXFileReference; lastKnownFileType = sourcecode.c.c; path = main.c; sourceTree = "<group>"; };
/* End PBXFileReference section */

/* Begin PBXFrameworksBuildPhase section */
		181BC41D2647A9DA002ED23C /* Frameworks */ = {
			isa = PBXFrameworksBuildPhase;
			buildActionMask = 2147483647;
			files = (
			);
			runOnlyForDeploymentPostprocessing = 0;
		};
		181BC4282647AC23002ED23C /* Frameworks */ = {
			isa = PBXFrameworksBuildPhase;
			buildActionMask = 2147483647;
			files = (
			);
			runOnlyForDeploymentPostprocessing = 0;
		};
		181BC4332647B0AB002ED23C /* Frameworks */ = {
			isa = PBXFrameworksBuildPhase;
			buildActionMask = 2147483647;
			files = (
			);
			runOnlyForDeploymentPostprocessing = 0;
		};
		18FB7FD02646C535003BAD0B /* Frameworks */ = {
			isa = PBXFrameworksBuildPhase;
			buildActionMask = 2147483647;
			files = (
			);
			runOnlyForDeploymentPostprocessing = 0;
		};
		18FB7FF32646D750003BAD0B /* Frameworks */ = {
			isa = PBXFrameworksBuildPhase;
			buildActionMask = 2147483647;
			files = (
			);
			runOnlyForDeploymentPostprocessing = 0;
		};
		18FB7FFE2646D920003BAD0B /* Frameworks */ = {
			isa = PBXFrameworksBuildPhase;
			buildActionMask = 2147483647;
			files = (
			);
			runOnlyForDeploymentPostprocessing = 0;
		};
/* End PBXFrameworksBuildPhase section */

/* Begin PBXGroup section */
		181BC4212647A9DA002ED23C /* question3 recursion prblm1 */ = {
			isa = PBXGroup;
			children = (
				181BC4222647A9DA002ED23C /* main.c */,
			);
			path = "question3 recursion prblm1";
			sourceTree = "<group>";
		};
		181BC42C2647AC23002ED23C /* question4 recursion prolem 2 */ = {
			isa = PBXGroup;
			children = (
				181BC42D2647AC23002ED23C /* main.c */,
			);
			path = "question4 recursion prolem 2";
			sourceTree = "<group>";
		};
		181BC4372647B0AB002ED23C /* q5 recur prblm 3 */ = {
			isa = PBXGroup;
			children = (
				181BC4382647B0AB002ED23C /* main.c */,
			);
			path = "q5 recur prblm 3";
			sourceTree = "<group>";
		};
		18FB7FCA2646C535003BAD0B = {
			isa = PBXGroup;
			children = (
				18FB7FD52646C535003BAD0B /* practice c */,
				18FB7FF72646D750003BAD0B /* question1 */,
				18FB80022646D920003BAD0B /* question2 */,
				181BC4212647A9DA002ED23C /* question3 recursion prblm1 */,
				181BC42C2647AC23002ED23C /* question4 recursion prolem 2 */,
				181BC4372647B0AB002ED23C /* q5 recur prblm 3 */,
				18FB7FD42646C535003BAD0B /* Products */,
			);
			sourceTree = "<group>";
		};
		18FB7FD42646C535003BAD0B /* Products */ = {
			isa = PBXGroup;
			children = (
				18FB7FD32646C535003BAD0B /* practice c */,
				18FB7FF62646D750003BAD0B /* question1 */,
				18FB80012646D920003BAD0B /* question2 */,
				181BC4202647A9DA002ED23C /* question3 recursion prblm1 */,
				181BC42B2647AC23002ED23C /* question4 recursion prolem 2 */,
				181BC4362647B0AB002ED23C /* q5 recur prblm 3 */,
			);
			name = Products;
			sourceTree = "<group>";
		};
		18FB7FD52646C535003BAD0B /* practice c */ = {
			isa = PBXGroup;
			children = (
				18FB7FD62646C535003BAD0B /* main.c */,
			);
			path = "practice c";
			sourceTree = "<group>";
		};
		18FB7FF72646D750003BAD0B /* question1 */ = {
			isa = PBXGroup;
			children = (
				18FB7FF82646D750003BAD0B /* main.c */,
			);
			path = question1;
			sourceTree = "<group>";
		};
		18FB80022646D920003BAD0B /* question2 */ = {
			isa = PBXGroup;
			children = (
				18FB80032646D920003BAD0B /* main.c */,
			);
			path = question2;
			sourceTree = "<group>";
		};
/* End PBXGroup section */

/* Begin PBXNativeTarget section */
		181BC41F2647A9DA002ED23C /* question3 recursion prblm1 */ = {
			isa = PBXNativeTarget;
			buildConfigurationList = 181BC4262647A9DA002ED23C /* Build configuration list for PBXNativeTarget "question3 recursion prblm1" */;
			buildPhases = (
				181BC41C2647A9DA002ED23C /* Sources */,
				181BC41D2647A9DA002ED23C /* Frameworks */,
				181BC41E2647A9DA002ED23C /* CopyFiles */,
			);
			buildRules = (
			);
			dependencies = (
			);
			name = "question3 recursion prblm1";
			productName = "question3 recursion prblm1";
			productReference = 181BC4202647A9DA002ED23C /* question3 recursion prblm1 */;
			productType = "com.apple.product-type.tool";
		};
		181BC42A2647AC23002ED23C /* question4 recursion prolem 2 */ = {
			isa = PBXNativeTarget;
			buildConfigurationList = 181BC42F2647AC23002ED23C /* Build configuration list for PBXNativeTarget "question4 recursion prolem 2" */;
			buildPhases = (
				181BC4272647AC23002ED23C /* Sources */,
				181BC4282647AC23002ED23C /* Frameworks */,
				181BC4292647AC23002ED23C /* CopyFiles */,
			);
			buildRules = (
			);
			dependencies = (
			);
			name = "question4 recursion prolem 2";
			productName = "question4 recursion prolem 2";
			productReference = 181BC42B2647AC23002ED23C /* question4 recursion prolem 2 */;
			productType = "com.apple.product-type.tool";
		};
		181BC4352647B0AB002ED23C /* q5 recur prblm 3 */ = {
			isa = PBXNativeTarget;
			buildConfigurationList = 181BC43A2647B0AB002ED23C /* Build configuration list for PBXNativeTarget "q5 recur prblm 3" */;
			buildPhases = (
				181BC4322647B0AB002ED23C /* Sources */,
				181BC4332647B0AB002ED23C /* Frameworks */,
				181BC4342647B0AB002ED23C /* CopyFiles */,
			);
			buildRules = (
			);
			dependencies = (
			);
			name = "q5 recur prblm 3";
			productName = "q5 recur prblm 3";
			productReference = 181BC4362647B0AB002ED23C /* q5 recur prblm 3 */;
			productType = "com.apple.product-type.tool";
		};
		18FB7FD22646C535003BAD0B /* practice c */ = {
			isa = PBXNativeTarget;
			buildConfigurationList = 18FB7FDA2646C535003BAD0B /* Build configuration list for PBXNativeTarget "practice c" */;
			buildPhases = (
				18FB7FCF2646C535003BAD0B /* Sources */,
				18FB7FD02646C535003BAD0B /* Frameworks */,
				18FB7FD12646C535003BAD0B /* CopyFiles */,
			);
			buildRules = (
			);
			dependencies = (
			);
			name = "practice c";
			productName = "practice c";
			productReference = 18FB7FD32646C535003BAD0B /* practice c */;
			productType = "com.apple.product-type.tool";
		};
		18FB7FF52646D750003BAD0B /* question1 */ = {
			isa = PBXNativeTarget;
			buildConfigurationList = 18FB7FFA2646D750003BAD0B /* Build configuration list for PBXNativeTarget "question1" */;
			buildPhases = (
				18FB7FF22646D750003BAD0B /* Sources */,
				18FB7FF32646D750003BAD0B /* Frameworks */,
				18FB7FF42646D750003BAD0B /* CopyFiles */,
			);
			buildRules = (
			);
			dependencies = (
			);
			name = question1;
			productName = question1;
			productReference = 18FB7FF62646D750003BAD0B /* question1 */;
			productType = "com.apple.product-type.tool";
		};
		18FB80002646D920003BAD0B /* question2 */ = {
			isa = PBXNativeTarget;
			buildConfigurationList = 18FB80052646D920003BAD0B /* Build configuration list for PBXNativeTarget "question2" */;
			buildPhases = (
				18FB7FFD2646D920003BAD0B /* Sources */,
				18FB7FFE2646D920003BAD0B /* Frameworks */,
				18FB7FFF2646D920003BAD0B /* CopyFiles */,
			);
			buildRules = (
			);
			dependencies = (
			);
			name = question2;
			productName = question2;
			productReference = 18FB80012646D920003BAD0B /* question2 */;
			productType = "com.apple.product-type.tool";
		};
/* End PBXNativeTarget section */

/* Begin PBXProject section */
		18FB7FCB2646C535003BAD0B /* Project object */ = {
			isa = PBXProject;
			attributes = {
				LastUpgradeCheck = 1250;
				TargetAttributes = {
					181BC41F2647A9DA002ED23C = {
						CreatedOnToolsVersion = 12.5;
					};
					181BC42A2647AC23002ED23C = {
						CreatedOnToolsVersion = 12.5;
					};
					181BC4352647B0AB002ED23C = {
						CreatedOnToolsVersion = 12.5;
					};
					18FB7FD22646C535003BAD0B = {
						CreatedOnToolsVersion = 12.5;
					};
					18FB7FF52646D750003BAD0B = {
						CreatedOnToolsVersion = 12.5;
					};
					18FB80002646D920003BAD0B = {
						CreatedOnToolsVersion = 12.5;
					};
				};
			};
			buildConfigurationList = 18FB7FCE2646C535003BAD0B /* Build configuration list for PBXProject "practice c" */;
			compatibilityVersion = "Xcode 9.3";
			developmentRegion = en;
			hasScannedForEncodings = 0;
			knownRegions = (
				en,
				Base,
			);
			mainGroup = 18FB7FCA2646C535003BAD0B;
			productRefGroup = 18FB7FD42646C535003BAD0B /* Products */;
			projectDirPath = "";
			projectRoot = "";
			targets = (
				18FB7FD22646C535003BAD0B /* practice c */,
				18FB7FF52646D750003BAD0B /* question1 */,
				18FB80002646D920003BAD0B /* question2 */,
				181BC41F2647A9DA002ED23C /* question3 recursion prblm1 */,
				181BC42A2647AC23002ED23C /* question4 recursion prolem 2 */,
				181BC4352647B0AB002ED23C /* q5 recur prblm 3 */,
			);
		};
/* End PBXProject section */

/* Begin PBXSourcesBuildPhase section */
		181BC41C2647A9DA002ED23C /* Sources */ = {
			isa = PBXSourcesBuildPhase;
			buildActionMask = 2147483647;
			files = (
				181BC4232647A9DA002ED23C /* main.c in Sources */,
			);
			runOnlyForDeploymentPostprocessing = 0;
		};
		181BC4272647AC23002ED23C /* Sources */ = {
			isa = PBXSourcesBuildPhase;
			buildActionMask = 2147483647;
			files = (
				181BC42E2647AC23002ED23C /* main.c in Sources */,
			);
			runOnlyForDeploymentPostprocessing = 0;
		};
		181BC4322647B0AB002ED23C /* Sources */ = {
			isa = PBXSourcesBuildPhase;
			buildActionMask = 2147483647;
			files = (
				181BC4392647B0AB002ED23C /* main.c in Sources */,
			);
			runOnlyForDeploymentPostprocessing = 0;
		};
		18FB7FCF2646C535003BAD0B /* Sources */ = {
			isa = PBXSourcesBuildPhase;
			buildActionMask = 2147483647;
			files = (
				18FB7FD72646C535003BAD0B /* main.c in Sources */,
			);
			runOnlyForDeploymentPostprocessing = 0;
		};
		18FB7FF22646D750003BAD0B /* Sources */ = {
			isa = PBXSourcesBuildPhase;
			buildActionMask = 2147483647;
			files = (
				18FB7FF92646D750003BAD0B /* main.c in Sources */,
			);
			runOnlyForDeploymentPostprocessing = 0;
		};
		18FB7FFD2646D920003BAD0B /* Sources */ = {
			isa = PBXSourcesBuildPhase;
			buildActionMask = 2147483647;
			files = (
				18FB80042646D920003BAD0B /* main.c in Sources */,
			);
			runOnlyForDeploymentPostprocessing = 0;
		};
/* End PBXSourcesBuildPhase section */

/* Begin XCBuildConfiguration section */
		181BC4242647A9DA002ED23C /* Debug */ = {
			isa = XCBuildConfiguration;
			buildSettings = {
				CODE_SIGN_STYLE = Automatic;
				DEVELOPMENT_TEAM = AGF9HH7BH8;
				ENABLE_HARDENED_RUNTIME = YES;
				PRODUCT_NAME = "$(TARGET_NAME)";
			};
			name = Debug;
		};
		181BC4252647A9DA002ED23C /* Release */ = {
			isa = XCBuildConfiguration;
			buildSettings = {
				CODE_SIGN_STYLE = Automatic;
				DEVELOPMENT_TEAM = AGF9HH7BH8;
				ENABLE_HARDENED_RUNTIME = YES;
				PRODUCT_NAME = "$(TARGET_NAME)";
			};
			name = Release;
		};
		181BC4302647AC23002ED23C /* Debug */ = {
			isa = XCBuildConfiguration;
			buildSettings = {
				CODE_SIGN_STYLE = Automatic;
				DEVELOPMENT_TEAM = AGF9HH7BH8;
				ENABLE_HARDENED_RUNTIME = YES;
				PRODUCT_NAME = "$(TARGET_NAME)";
			};
			name = Debug;
		};
		181BC4312647AC23002ED23C /* Release */ = {
			isa = XCBuildConfiguration;
			buildSettings = {
				CODE_SIGN_STYLE = Automatic;
				DEVELOPMENT_TEAM = AGF9HH7BH8;
				ENABLE_HARDENED_RUNTIME = YES;
				PRODUCT_NAME = "$(TARGET_NAME)";
			};
			name = Release;
		};
		181BC43B2647B0AB002ED23C /* Debug */ = {
			isa = XCBuildConfiguration;
			buildSettings = {
				CODE_SIGN_STYLE = Automatic;
				DEVELOPMENT_TEAM = AGF9HH7BH8;
				ENABLE_HARDENED_RUNTIME = YES;
				PRODUCT_NAME = "$(TARGET_NAME)";
			};
			name = Debug;
		};
		181BC43C2647B0AB002ED23C /* Release */ = {
			isa = XCBuildConfiguration;
			buildSettings = {
				CODE_SIGN_STYLE = Automatic;
				DEVELOPMENT_TEAM = AGF9HH7BH8;
				ENABLE_HARDENED_RUNTIME = YES;
				PRODUCT_NAME = "$(TARGET_NAME)";
			};
			name = Release;
		};
		18FB7FD82646C535003BAD0B /* Debug */ = {
			isa = XCBuildConfiguration;
			buildSettings = {
				ALWAYS_SEARCH_USER_PATHS = NO;
				CLANG_ANALYZER_NONNULL = YES;
				CLANG_ANALYZER_NUMBER_OBJECT_CONVERSION = YES_AGGRESSIVE;
				CLANG_CXX_LANGUAGE_STANDARD = "gnu++14";
				CLANG_CXX_LIBRARY = "libc++";
				CLANG_ENABLE_MODULES = YES;
				CLANG_ENABLE_OBJC_ARC = YES;
				CLANG_ENABLE_OBJC_WEAK = YES;
				CLANG_WARN_BLOCK_CAPTURE_AUTORELEASING = YES;
				CLANG_WARN_BOOL_CONVERSION = YES;
				CLANG_WARN_COMMA = YES;
				CLANG_WARN_CONSTANT_CONVERSION = YES;
				CLANG_WARN_DEPRECATED_OBJC_IMPLEMENTATIONS = YES;
				CLANG_WARN_DIRECT_OBJC_ISA_USAGE = YES_ERROR;
				CLANG_WARN_DOCUMENTATION_COMMENTS = YES;
				CLANG_WARN_EMPTY_BODY = YES;
				CLANG_WARN_ENUM_CONVERSION = YES;
				CLANG_WARN_INFINITE_RECURSION = YES;
				CLANG_WARN_INT_CONVERSION = YES;
				CLANG_WARN_NON_LITERAL_NULL_CONVERSION = YES;
				CLANG_WARN_OBJC_IMPLICIT_RETAIN_SELF = YES;
				CLANG_WARN_OBJC_LITERAL_CONVERSION = YES;
				CLANG_WARN_OBJC_ROOT_CLASS = YES_ERROR;
				CLANG_WARN_QUOTED_INCLUDE_IN_FRAMEWORK_HEADER = YES;
				CLANG_WARN_RANGE_LOOP_ANALYSIS = YES;
				CLANG_WARN_STRICT_PROTOTYPES = YES;
				CLANG_WARN_SUSPICIOUS_MOVE = YES;
				CLANG_WARN_UNGUARDED_AVAILABILITY = YES_AGGRESSIVE;
				CLANG_WARN_UNREACHABLE_CODE = YES;
				CLANG_WARN__DUPLICATE_METHOD_MATCH = YES;
				COPY_PHASE_STRIP = NO;
				DEBUG_INFORMATION_FORMAT = dwarf;
				ENABLE_STRICT_OBJC_MSGSEND = YES;
				ENABLE_TESTABILITY = YES;
				GCC_C_LANGUAGE_STANDARD = gnu11;
				GCC_DYNAMIC_NO_PIC = NO;
				GCC_NO_COMMON_BLOCKS = YES;
				GCC_OPTIMIZATION_LEVEL = 0;
				GCC_PREPROCESSOR_DEFINITIONS = (
					"DEBUG=1",
					"$(inherited)",
				);
				GCC_WARN_64_TO_32_BIT_CONVERSION = YES;
				GCC_WARN_ABOUT_RETURN_TYPE = YES_ERROR;
				GCC_WARN_UNDECLARED_SELECTOR = YES;
				GCC_WARN_UNINITIALIZED_AUTOS = YES_AGGRESSIVE;
				GCC_WARN_UNUSED_FUNCTION = YES;
				GCC_WARN_UNUSED_VARIABLE = YES;
				MACOSX_DEPLOYMENT_TARGET = 11.1;
				MTL_ENABLE_DEBUG_INFO = INCLUDE_SOURCE;
				MTL_FAST_MATH = YES;
				ONLY_ACTIVE_ARCH = YES;
				SDKROOT = macosx;
			};
			name = Debug;
		};
		18FB7FD92646C535003BAD0B /* Release */ = {
			isa = XCBuildConfiguration;
			buildSettings = {
				ALWAYS_SEARCH_USER_PATHS = NO;
				CLANG_ANALYZER_NONNULL = YES;
				CLANG_ANALYZER_NUMBER_OBJECT_CONVERSION = YES_AGGRESSIVE;
				CLANG_CXX_LANGUAGE_STANDARD = "gnu++14";
				CLANG_CXX_LIBRARY = "libc++";
				CLANG_ENABLE_MODULES = YES;
				CLANG_ENABLE_OBJC_ARC = YES;
				CLANG_ENABLE_OBJC_WEAK = YES;
				CLANG_WARN_BLOCK_CAPTURE_AUTORELEASING = YES;
				CLANG_WARN_BOOL_CONVERSION = YES;
				CLANG_WARN_COMMA = YES;
				CLANG_WARN_CONSTANT_CONVERSION = YES;
				CLANG_WARN_DEPRECATED_OBJC_IMPLEMENTATIONS = YES;
				CLANG_WARN_DIRECT_OBJC_ISA_USAGE = YES_ERROR;
				CLANG_WARN_DOCUMENTATION_COMMENTS = YES;
				CLANG_WARN_EMPTY_BODY = YES;
				CLANG_WARN_ENUM_CONVERSION = YES;
				CLANG_WARN_INFINITE_RECURSION = YES;
				CLANG_WARN_INT_CONVERSION = YES;
				CLANG_WARN_NON_LITERAL_NULL_CONVERSION = YES;
				CLANG_WARN_OBJC_IMPLICIT_RETAIN_SELF = YES;
				CLANG_WARN_OBJC_LITERAL_CONVERSION = YES;
				CLANG_WARN_OBJC_ROOT_CLASS = YES_ERROR;
				CLANG_WARN_QUOTED_INCLUDE_IN_FRAMEWORK_HEADER = YES;
				CLANG_WARN_RANGE_LOOP_ANALYSIS = YES;
				CLANG_WARN_STRICT_PROTOTYPES = YES;
				CLANG_WARN_SUSPICIOUS_MOVE = YES;
				CLANG_WARN_UNGUARDED_AVAILABILITY = YES_AGGRESSIVE;
				CLANG_WARN_UNREACHABLE_CODE = YES;
				CLANG_WARN__DUPLICATE_METHOD_MATCH = YES;
				COPY_PHASE_STRIP = NO;
				DEBUG_INFORMATION_FORMAT = "dwarf-with-dsym";
				ENABLE_NS_ASSERTIONS = NO;
				ENABLE_STRICT_OBJC_MSGSEND = YES;
				GCC_C_LANGUAGE_STANDARD = gnu11;
				GCC_NO_COMMON_BLOCKS = YES;
				GCC_WARN_64_TO_32_BIT_CONVERSION = YES;
				GCC_WARN_ABOUT_RETURN_TYPE = YES_ERROR;
				GCC_WARN_UNDECLARED_SELECTOR = YES;
				GCC_WARN_UNINITIALIZED_AUTOS = YES_AGGRESSIVE;
				GCC_WARN_UNUSED_FUNCTION = YES;
				GCC_WARN_UNUSED_VARIABLE = YES;
				MACOSX_DEPLOYMENT_TARGET = 11.1;
				MTL_ENABLE_DEBUG_INFO = NO;
				MTL_FAST_MATH = YES;
				SDKROOT = macosx;
			};
			name = Release;
		};
		18FB7FDB2646C535003BAD0B /* Debug */ = {
			isa = XCBuildConfiguration;
			buildSettings = {
				CODE_SIGN_STYLE = Automatic;
				DEVELOPMENT_TEAM = AGF9HH7BH8;
				ENABLE_HARDENED_RUNTIME = YES;
				PRODUCT_NAME = "$(TARGET_NAME)";
			};
			name = Debug;
		};
		18FB7FDC2646C535003BAD0B /* Release */ = {
			isa = XCBuildConfiguration;
			buildSettings = {
				CODE_SIGN_STYLE = Automatic;
				DEVELOPMENT_TEAM = AGF9HH7BH8;
				ENABLE_HARDENED_RUNTIME = YES;
				PRODUCT_NAME = "$(TARGET_NAME)";
			};
			name = Release;
		};
		18FB7FFB2646D750003BAD0B /* Debug */ = {
			isa = XCBuildConfiguration;
			buildSettings = {
				CODE_SIGN_STYLE = Automatic;
				DEVELOPMENT_TEAM = AGF9HH7BH8;
				ENABLE_HARDENED_RUNTIME = YES;
				PRODUCT_NAME = "$(TARGET_NAME)";
			};
			name = Debug;
		};
		18FB7FFC2646D750003BAD0B /* Release */ = {
			isa = XCBuildConfiguration;
			buildSettings = {
				CODE_SIGN_STYLE = Automatic;
				DEVELOPMENT_TEAM = AGF9HH7BH8;
				ENABLE_HARDENED_RUNTIME = YES;
				PRODUCT_NAME = "$(TARGET_NAME)";
			};
			name = Release;
		};
		18FB80062646D920003BAD0B /* Debug */ = {
			isa = XCBuildConfiguration;
			buildSettings = {
				CODE_SIGN_STYLE = Automatic;
				DEVELOPMENT_TEAM = AGF9HH7BH8;
				ENABLE_HARDENED_RUNTIME = YES;
				PRODUCT_NAME = "$(TARGET_NAME)";
			};
			name = Debug;
		};
		18FB80072646D920003BAD0B /* Release */ = {
			isa = XCBuildConfiguration;
			buildSettings = {
				CODE_SIGN_STYLE = Automatic;
				DEVELOPMENT_TEAM = AGF9HH7BH8;
				ENABLE_HARDENED_RUNTIME = YES;
				PRODUCT_NAME = "$(TARGET_NAME)";
			};
			name = Release;
		};
/* End XCBuildConfiguration section */

/* Begin XCConfigurationList section */
		181BC4262647A9DA002ED23C /* Build configuration list for PBXNativeTarget "question3 recursion prblm1" */ = {
			isa = XCConfigurationList;
			buildConfigurations = (
				181BC4242647A9DA002ED23C /* Debug */,
				181BC4252647A9DA002ED23C /* Release */,
			);
			defaultConfigurationIsVisible = 0;
			defaultConfigurationName = Release;
		};
		181BC42F2647AC23002ED23C /* Build configuration list for PBXNativeTarget "question4 recursion prolem 2" */ = {
			isa = XCConfigurationList;
			buildConfigurations = (
				181BC4302647AC23002ED23C /* Debug */,
				181BC4312647AC23002ED23C /* Release */,
			);
			defaultConfigurationIsVisible = 0;
			defaultConfigurationName = Release;
		};
		181BC43A2647B0AB002ED23C /* Build configuration list for PBXNativeTarget "q5 recur prblm 3" */ = {
			isa = XCConfigurationList;
			buildConfigurations = (
				181BC43B2647B0AB002ED23C /* Debug */,
				181BC43C2647B0AB002ED23C /* Release */,
			);
			defaultConfigurationIsVisible = 0;
			defaultConfigurationName = Release;
		};
		18FB7FCE2646C535003BAD0B /* Build configuration list for PBXProject "practice c" */ = {
			isa = XCConfigurationList;
			buildConfigurations = (
				18FB7FD82646C535003BAD0B /* Debug */,
				18FB7FD92646C535003BAD0B /* Release */,
			);
			defaultConfigurationIsVisible = 0;
			defaultConfigurationName = Release;
		};
		18FB7FDA2646C535003BAD0B /* Build configuration list for PBXNativeTarget "practice c" */ = {
			isa = XCConfigurationList;
			buildConfigurations = (
				18FB7FDB2646C535003BAD0B /* Debug */,
				18FB7FDC2646C535003BAD0B /* Release */,
			);
			defaultConfigurationIsVisible = 0;
			defaultConfigurationName = Release;
		};
		18FB7FFA2646D750003BAD0B /* Build configuration list for PBXNativeTarget "question1" */ = {
			isa = XCConfigurationList;
			buildConfigurations = (
				18FB7FFB2646D750003BAD0B /* Debug */,
				18FB7FFC2646D750003BAD0B /* Release */,
			);
			defaultConfigurationIsVisible = 0;
			defaultConfigurationName = Release;
		};
		18FB80052646D920003BAD0B /* Build configuration list for PBXNativeTarget "question2" */ = {
			isa = XCConfigurationList;
			buildConfigurations = (
				18FB80062646D920003BAD0B /* Debug */,
				18FB80072646D920003BAD0B /* Release */,
			);
			defaultConfigurationIsVisible = 0;
			defaultConfigurationName = Release;
		};
/* End XCConfigurationList section */
	};
	rootObject = 18FB7FCB2646C535003BAD0B /* Project object */;
}
